// !$*UTF8*$!
{
	archiveVersion = 1;
	classes = {
	};
	objectVersion = 56;
	objects = {

/* Begin PBXBuildFile section */
		F11CFF3C2A35E1080059C473 /* Tinder_UPVApp.swift in Sources */ = {isa = PBXBuildFile; fileRef = F11CFF3B2A35E1080059C473 /* Tinder_UPVApp.swift */; };
		F11CFF3E2A35E1080059C473 /* ContentView.swift in Sources */ = {isa = PBXBuildFile; fileRef = F11CFF3D2A35E1080059C473 /* ContentView.swift */; };
		F11CFF402A35E1090059C473 /* Assets.xcassets in Resources */ = {isa = PBXBuildFile; fileRef = F11CFF3F2A35E1090059C473 /* Assets.xcassets */; };
		F11CFF432A35E1090059C473 /* Preview Assets.xcassets in Resources */ = {isa = PBXBuildFile; fileRef = F11CFF422A35E1090059C473 /* Preview Assets.xcassets */; };
		F11CFF4D2A35E1090059C473 /* Tinder_UPVTests.swift in Sources */ = {isa = PBXBuildFile; fileRef = F11CFF4C2A35E1090059C473 /* Tinder_UPVTests.swift */; };
		F11CFF572A35E1090059C473 /* Tinder_UPVUITests.swift in Sources */ = {isa = PBXBuildFile; fileRef = F11CFF562A35E1090059C473 /* Tinder_UPVUITests.swift */; };
		F11CFF592A35E1090059C473 /* Tinder_UPVUITestsLaunchTests.swift in Sources */ = {isa = PBXBuildFile; fileRef = F11CFF582A35E1090059C473 /* Tinder_UPVUITestsLaunchTests.swift */; };
/* End PBXBuildFile section */

/* Begin PBXContainerItemProxy section */
		F11CFF492A35E1090059C473 /* PBXContainerItemProxy */ = {
			isa = PBXContainerItemProxy;
			containerPortal = F11CFF302A35E1080059C473 /* Project object */;
			proxyType = 1;
			remoteGlobalIDString = F11CFF372A35E1080059C473;
			remoteInfo = Tinder_UPV;
		};
		F11CFF532A35E1090059C473 /* PBXContainerItemProxy */ = {
			isa = PBXContainerItemProxy;
			containerPortal = F11CFF302A35E1080059C473 /* Project object */;
			proxyType = 1;
			remoteGlobalIDString = F11CFF372A35E1080059C473;
			remoteInfo = Tinder_UPV;
		};
/* End PBXContainerItemProxy section */

/* Begin PBXFileReference section */
		F11CFF382A35E1080059C473 /* Tinder_UPV.app */ = {isa = PBXFileReference; explicitFileType = wrapper.application; includeInIndex = 0; path = Tinder_UPV.app; sourceTree = BUILT_PRODUCTS_DIR; };
		F11CFF3B2A35E1080059C473 /* Tinder_UPVApp.swift */ = {isa = PBXFileReference; lastKnownFileType = sourcecode.swift; path = Tinder_UPVApp.swift; sourceTree = "<group>"; };
		F11CFF3D2A35E1080059C473 /* ContentView.swift */ = {isa = PBXFileReference; lastKnownFileType = sourcecode.swift; path = ContentView.swift; sourceTree = "<group>"; };
		F11CFF3F2A35E1090059C473 /* Assets.xcassets */ = {isa = PBXFileReference; lastKnownFileType = folder.assetcatalog; path = Assets.xcassets; sourceTree = "<group>"; };
		F11CFF422A35E1090059C473 /* Preview Assets.xcassets */ = {isa = PBXFileReference; lastKnownFileType = folder.assetcatalog; path = "Preview Assets.xcassets"; sourceTree = "<group>"; };
		F11CFF482A35E1090059C473 /* Tinder_UPVTests.xctest */ = {isa = PBXFileReference; explicitFileType = wrapper.cfbundle; includeInIndex = 0; path = Tinder_UPVTests.xctest; sourceTree = BUILT_PRODUCTS_DIR; };
		F11CFF4C2A35E1090059C473 /* Tinder_UPVTests.swift */ = {isa = PBXFileReference; lastKnownFileType = sourcecode.swift; path = Tinder_UPVTests.swift; sourceTree = "<group>"; };
		F11CFF522A35E1090059C473 /* Tinder_UPVUITests.xctest */ = {isa = PBXFileReference; explicitFileType = wrapper.cfbundle; includeInIndex = 0; path = Tinder_UPVUITests.xctest; sourceTree = BUILT_PRODUCTS_DIR; };
		F11CFF562A35E1090059C473 /* Tinder_UPVUITests.swift */ = {isa = PBXFileReference; lastKnownFileType = sourcecode.swift; path = Tinder_UPVUITests.swift; sourceTree = "<group>"; };
		F11CFF582A35E1090059C473 /* Tinder_UPVUITestsLaunchTests.swift */ = {isa = PBXFileReference; lastKnownFileType = sourcecode.swift; path = Tinder_UPVUITestsLaunchTests.swift; sourceTree = "<group>"; };
/* End PBXFileReference section */

/* Begin PBXFrameworksBuildPhase section */
		F11CFF352A35E1080059C473 /* Frameworks */ = {
			isa = PBXFrameworksBuildPhase;
			buildActionMask = 2147483647;
			files = (
			);
			runOnlyForDeploymentPostprocessing = 0;
		};
		F11CFF452A35E1090059C473 /* Frameworks */ = {
			isa = PBXFrameworksBuildPhase;
			buildActionMask = 2147483647;
			files = (
			);
			runOnlyForDeploymentPostprocessing = 0;
		};
		F11CFF4F2A35E1090059C473 /* Frameworks */ = {
			isa = PBXFrameworksBuildPhase;
			buildActionMask = 2147483647;
			files = (
			);
			runOnlyForDeploymentPostprocessing = 0;
		};
/* End PBXFrameworksBuildPhase section */

/* Begin PBXGroup section */
		F11CFF2F2A35E1080059C473 = {
			isa = PBXGroup;
			children = (
				F11CFF3A2A35E1080059C473 /* Tinder_UPV */,
				F11CFF4B2A35E1090059C473 /* Tinder_UPVTests */,
				F11CFF552A35E1090059C473 /* Tinder_UPVUITests */,
				F11CFF392A35E1080059C473 /* Products */,
			);
			sourceTree = "<group>";
		};
		F11CFF392A35E1080059C473 /* Products */ = {
			isa = PBXGroup;
			children = (
				F11CFF382A35E1080059C473 /* Tinder_UPV.app */,
				F11CFF482A35E1090059C473 /* Tinder_UPVTests.xctest */,
				F11CFF522A35E1090059C473 /* Tinder_UPVUITests.xctest */,
			);
			name = Products;
			sourceTree = "<group>";
		};
		F11CFF3A2A35E1080059C473 /* Tinder_UPV */ = {
			isa = PBXGroup;
			children = (
				F11CFF3B2A35E1080059C473 /* Tinder_UPVApp.swift */,
				F11CFF3D2A35E1080059C473 /* ContentView.swift */,
				F11CFF3F2A35E1090059C473 /* Assets.xcassets */,
				F11CFF412A35E1090059C473 /* Preview Content */,
			);
			path = Tinder_UPV;
			sourceTree = "<group>";
		};
		F11CFF412A35E1090059C473 /* Preview Content */ = {
			isa = PBXGroup;
			children = (
				F11CFF422A35E1090059C473 /* Preview Assets.xcassets */,
			);
			path = "Preview Content";
			sourceTree = "<group>";
		};
		F11CFF4B2A35E1090059C473 /* Tinder_UPVTests */ = {
			isa = PBXGroup;
			children = (
				F11CFF4C2A35E1090059C473 /* Tinder_UPVTests.swift */,
			);
			path = Tinder_UPVTests;
			sourceTree = "<group>";
		};
		F11CFF552A35E1090059C473 /* Tinder_UPVUITests */ = {
			isa = PBXGroup;
			children = (
				F11CFF562A35E1090059C473 /* Tinder_UPVUITests.swift */,
				F11CFF582A35E1090059C473 /* Tinder_UPVUITestsLaunchTests.swift */,
			);
			path = Tinder_UPVUITests;
			sourceTree = "<group>";
		};
/* End PBXGroup section */

/* Begin PBXNativeTarget section */
		F11CFF372A35E1080059C473 /* Tinder_UPV */ = {
			isa = PBXNativeTarget;
			buildConfigurationList = F11CFF5C2A35E1090059C473 /* Build configuration list for PBXNativeTarget "Tinder_UPV" */;
			buildPhases = (
				F11CFF342A35E1080059C473 /* Sources */,
				F11CFF352A35E1080059C473 /* Frameworks */,
				F11CFF362A35E1080059C473 /* Resources */,
			);
			buildRules = (
			);
			dependencies = (
			);
			name = Tinder_UPV;
			productName = Tinder_UPV;
			productReference = F11CFF382A35E1080059C473 /* Tinder_UPV.app */;
			productType = "com.apple.product-type.application";
		};
		F11CFF472A35E1090059C473 /* Tinder_UPVTests */ = {
			isa = PBXNativeTarget;
			buildConfigurationList = F11CFF5F2A35E1090059C473 /* Build configuration list for PBXNativeTarget "Tinder_UPVTests" */;
			buildPhases = (
				F11CFF442A35E1090059C473 /* Sources */,
				F11CFF452A35E1090059C473 /* Frameworks */,
				F11CFF462A35E1090059C473 /* Resources */,
			);
			buildRules = (
			);
			dependencies = (
				F11CFF4A2A35E1090059C473 /* PBXTargetDependency */,
			);
			name = Tinder_UPVTests;
			productName = Tinder_UPVTests;
			productReference = F11CFF482A35E1090059C473 /* Tinder_UPVTests.xctest */;
			productType = "com.apple.product-type.bundle.unit-test";
		};
		F11CFF512A35E1090059C473 /* Tinder_UPVUITests */ = {
			isa = PBXNativeTarget;
			buildConfigurationList = F11CFF622A35E1090059C473 /* Build configuration list for PBXNativeTarget "Tinder_UPVUITests" */;
			buildPhases = (
				F11CFF4E2A35E1090059C473 /* Sources */,
				F11CFF4F2A35E1090059C473 /* Frameworks */,
				F11CFF502A35E1090059C473 /* Resources */,
			);
			buildRules = (
			);
			dependencies = (
				F11CFF542A35E1090059C473 /* PBXTargetDependency */,
			);
			name = Tinder_UPVUITests;
			productName = Tinder_UPVUITests;
			productReference = F11CFF522A35E1090059C473 /* Tinder_UPVUITests.xctest */;
			productType = "com.apple.product-type.bundle.ui-testing";
		};
/* End PBXNativeTarget section */

/* Begin PBXProject section */
		F11CFF302A35E1080059C473 /* Project object */ = {
			isa = PBXProject;
			attributes = {
				BuildIndependentTargetsInParallel = 1;
				LastSwiftUpdateCheck = 1420;
				LastUpgradeCheck = 1420;
				TargetAttributes = {
					F11CFF372A35E1080059C473 = {
						CreatedOnToolsVersion = 14.2;
					};
					F11CFF472A35E1090059C473 = {
						CreatedOnToolsVersion = 14.2;
						TestTargetID = F11CFF372A35E1080059C473;
					};
					F11CFF512A35E1090059C473 = {
						CreatedOnToolsVersion = 14.2;
						TestTargetID = F11CFF372A35E1080059C473;
					};
				};
			};
			buildConfigurationList = F11CFF332A35E1080059C473 /* Build configuration list for PBXProject "Tinder_UPV" */;
			compatibilityVersion = "Xcode 14.0";
			developmentRegion = en;
			hasScannedForEncodings = 0;
			knownRegions = (
				en,
				Base,
			);
			mainGroup = F11CFF2F2A35E1080059C473;
			productRefGroup = F11CFF392A35E1080059C473 /* Products */;
			projectDirPath = "";
			projectRoot = "";
			targets = (
				F11CFF372A35E1080059C473 /* Tinder_UPV */,
				F11CFF472A35E1090059C473 /* Tinder_UPVTests */,
				F11CFF512A35E1090059C473 /* Tinder_UPVUITests */,
			);
		};
/* End PBXProject section */

/* Begin PBXResourcesBuildPhase section */
		F11CFF362A35E1080059C473 /* Resources */ = {
			isa = PBXResourcesBuildPhase;
			buildActionMask = 2147483647;
			files = (
				F11CFF432A35E1090059C473 /* Preview Assets.xcassets in Resources */,
				F11CFF402A35E1090059C473 /* Assets.xcassets in Resources */,
			);
			runOnlyForDeploymentPostprocessing = 0;
		};
		F11CFF462A35E1090059C473 /* Resources */ = {
			isa = PBXResourcesBuildPhase;
			buildActionMask = 2147483647;
			files = (
			);
			runOnlyForDeploymentPostprocessing = 0;
		};
		F11CFF502A35E1090059C473 /* Resources */ = {
			isa = PBXResourcesBuildPhase;
			buildActionMask = 2147483647;
			files = (
			);
			runOnlyForDeploymentPostprocessing = 0;
		};
/* End PBXResourcesBuildPhase section */

/* Begin PBXSourcesBuildPhase section */
		F11CFF342A35E1080059C473 /* Sources */ = {
			isa = PBXSourcesBuildPhase;
			buildActionMask = 2147483647;
			files = (
				F11CFF3E2A35E1080059C473 /* ContentView.swift in Sources */,
				F11CFF3C2A35E1080059C473 /* Tinder_UPVApp.swift in Sources */,
			);
			runOnlyForDeploymentPostprocessing = 0;
		};
		F11CFF442A35E1090059C473 /* Sources */ = {
			isa = PBXSourcesBuildPhase;
			buildActionMask = 2147483647;
			files = (
				F11CFF4D2A35E1090059C473 /* Tinder_UPVTests.swift in Sources */,
			);
			runOnlyForDeploymentPostprocessing = 0;
		};
		F11CFF4E2A35E1090059C473 /* Sources */ = {
			isa = PBXSourcesBuildPhase;
			buildActionMask = 2147483647;
			files = (
				F11CFF592A35E1090059C473 /* Tinder_UPVUITestsLaunchTests.swift in Sources */,
				F11CFF572A35E1090059C473 /* Tinder_UPVUITests.swift in Sources */,
			);
			runOnlyForDeploymentPostprocessing = 0;
		};
/* End PBXSourcesBuildPhase section */

/* Begin PBXTargetDependency section */
		F11CFF4A2A35E1090059C473 /* PBXTargetDependency */ = {
			isa = PBXTargetDependency;
			target = F11CFF372A35E1080059C473 /* Tinder_UPV */;
			targetProxy = F11CFF492A35E1090059C473 /* PBXContainerItemProxy */;
		};
		F11CFF542A35E1090059C473 /* PBXTargetDependency */ = {
			isa = PBXTargetDependency;
			target = F11CFF372A35E1080059C473 /* Tinder_UPV */;
			targetProxy = F11CFF532A35E1090059C473 /* PBXContainerItemProxy */;
		};
/* End PBXTargetDependency section */

/* Begin XCBuildConfiguration section */
		F11CFF5A2A35E1090059C473 /* Debug */ = {
			isa = XCBuildConfiguration;
			buildSettings = {
				ALWAYS_SEARCH_USER_PATHS = NO;
				CLANG_ANALYZER_NONNULL = YES;
				CLANG_ANALYZER_NUMBER_OBJECT_CONVERSION = YES_AGGRESSIVE;
				CLANG_CXX_LANGUAGE_STANDARD = "gnu++20";
				CLANG_ENABLE_MODULES = YES;
				CLANG_ENABLE_OBJC_ARC = YES;
				CLANG_ENABLE_OBJC_WEAK = YES;
				CLANG_WARN_BLOCK_CAPTURE_AUTORELEASING = YES;
				CLANG_WARN_BOOL_CONVERSION = YES;
				CLANG_WARN_COMMA = YES;
				CLANG_WARN_CONSTANT_CONVERSION = YES;
				CLANG_WARN_DEPRECATED_OBJC_IMPLEMENTATIONS = YES;
				CLANG_WARN_DIRECT_OBJC_ISA_USAGE = YES_ERROR;
				CLANG_WARN_DOCUMENTATION_COMMENTS = YES;
				CLANG_WARN_EMPTY_BODY = YES;
				CLANG_WARN_ENUM_CONVERSION = YES;
				CLANG_WARN_INFINITE_RECURSION = YES;
				CLANG_WARN_INT_CONVERSION = YES;
				CLANG_WARN_NON_LITERAL_NULL_CONVERSION = YES;
				CLANG_WARN_OBJC_IMPLICIT_RETAIN_SELF = YES;
				CLANG_WARN_OBJC_LITERAL_CONVERSION = YES;
				CLANG_WARN_OBJC_ROOT_CLASS = YES_ERROR;
				CLANG_WARN_QUOTED_INCLUDE_IN_FRAMEWORK_HEADER = YES;
				CLANG_WARN_RANGE_LOOP_ANALYSIS = YES;
				CLANG_WARN_STRICT_PROTOTYPES = YES;
				CLANG_WARN_SUSPICIOUS_MOVE = YES;
				CLANG_WARN_UNGUARDED_AVAILABILITY = YES_AGGRESSIVE;
				CLANG_WARN_UNREACHABLE_CODE = YES;
				CLANG_WARN__DUPLICATE_METHOD_MATCH = YES;
				COPY_PHASE_STRIP = NO;
				DEBUG_INFORMATION_FORMAT = dwarf;
				ENABLE_STRICT_OBJC_MSGSEND = YES;
				ENABLE_TESTABILITY = YES;
				GCC_C_LANGUAGE_STANDARD = gnu11;
				GCC_DYNAMIC_NO_PIC = NO;
				GCC_NO_COMMON_BLOCKS = YES;
				GCC_OPTIMIZATION_LEVEL = 0;
				GCC_PREPROCESSOR_DEFINITIONS = (
					"DEBUG=1",
					"$(inherited)",
				);
				GCC_WARN_64_TO_32_BIT_CONVERSION = YES;
				GCC_WARN_ABOUT_RETURN_TYPE = YES_ERROR;
				GCC_WARN_UNDECLARED_SELECTOR = YES;
				GCC_WARN_UNINITIALIZED_AUTOS = YES_AGGRESSIVE;
				GCC_WARN_UNUSED_FUNCTION = YES;
				GCC_WARN_UNUSED_VARIABLE = YES;
				IPHONEOS_DEPLOYMENT_TARGET = 16.2;
				MTL_ENABLE_DEBUG_INFO = INCLUDE_SOURCE;
				MTL_FAST_MATH = YES;
				ONLY_ACTIVE_ARCH = YES;
				SDKROOT = iphoneos;
				SWIFT_ACTIVE_COMPILATION_CONDITIONS = DEBUG;
				SWIFT_OPTIMIZATION_LEVEL = "-Onone";
			};
			name = Debug;
		};
		F11CFF5B2A35E1090059C473 /* Release */ = {
			isa = XCBuildConfiguration;
			buildSettings = {
				ALWAYS_SEARCH_USER_PATHS = NO;
				CLANG_ANALYZER_NONNULL = YES;
				CLANG_ANALYZER_NUMBER_OBJECT_CONVERSION = YES_AGGRESSIVE;
				CLANG_CXX_LANGUAGE_STANDARD = "gnu++20";
				CLANG_ENABLE_MODULES = YES;
				CLANG_ENABLE_OBJC_ARC = YES;
				CLANG_ENABLE_OBJC_WEAK = YES;
				CLANG_WARN_BLOCK_CAPTURE_AUTORELEASING = YES;
				CLANG_WARN_BOOL_CONVERSION = YES;
				CLANG_WARN_COMMA = YES;
				CLANG_WARN_CONSTANT_CONVERSION = YES;
				CLANG_WARN_DEPRECATED_OBJC_IMPLEMENTATIONS = YES;
				CLANG_WARN_DIRECT_OBJC_ISA_USAGE = YES_ERROR;
				CLANG_WARN_DOCUMENTATION_COMMENTS = YES;
				CLANG_WARN_EMPTY_BODY = YES;
				CLANG_WARN_ENUM_CONVERSION = YES;
				CLANG_WARN_INFINITE_RECURSION = YES;
				CLANG_WARN_INT_CONVERSION = YES;
				CLANG_WARN_NON_LITERAL_NULL_CONVERSION = YES;
				CLANG_WARN_OBJC_IMPLICIT_RETAIN_SELF = YES;
				CLANG_WARN_OBJC_LITERAL_CONVERSION = YES;
				CLANG_WARN_OBJC_ROOT_CLASS = YES_ERROR;
				CLANG_WARN_QUOTED_INCLUDE_IN_FRAMEWORK_HEADER = YES;
				CLANG_WARN_RANGE_LOOP_ANALYSIS = YES;
				CLANG_WARN_STRICT_PROTOTYPES = YES;
				CLANG_WARN_SUSPICIOUS_MOVE = YES;
				CLANG_WARN_UNGUARDED_AVAILABILITY = YES_AGGRESSIVE;
				CLANG_WARN_UNREACHABLE_CODE = YES;
				CLANG_WARN__DUPLICATE_METHOD_MATCH = YES;
				COPY_PHASE_STRIP = NO;
				DEBUG_INFORMATION_FORMAT = "dwarf-with-dsym";
				ENABLE_NS_ASSERTIONS = NO;
				ENABLE_STRICT_OBJC_MSGSEND = YES;
				GCC_C_LANGUAGE_STANDARD = gnu11;
				GCC_NO_COMMON_BLOCKS = YES;
				GCC_WARN_64_TO_32_BIT_CONVERSION = YES;
				GCC_WARN_ABOUT_RETURN_TYPE = YES_ERROR;
				GCC_WARN_UNDECLARED_SELECTOR = YES;
				GCC_WARN_UNINITIALIZED_AUTOS = YES_AGGRESSIVE;
				GCC_WARN_UNUSED_FUNCTION = YES;
				GCC_WARN_UNUSED_VARIABLE = YES;
				IPHONEOS_DEPLOYMENT_TARGET = 16.2;
				MTL_ENABLE_DEBUG_INFO = NO;
				MTL_FAST_MATH = YES;
				SDKROOT = iphoneos;
				SWIFT_COMPILATION_MODE = wholemodule;
				SWIFT_OPTIMIZATION_LEVEL = "-O";
				VALIDATE_PRODUCT = YES;
			};
			name = Release;
		};
		F11CFF5D2A35E1090059C473 /* Debug */ = {
			isa = XCBuildConfiguration;
			buildSettings = {
				ASSETCATALOG_COMPILER_APPICON_NAME = AppIcon;
				ASSETCATALOG_COMPILER_GLOBAL_ACCENT_COLOR_NAME = AccentColor;
				CODE_SIGN_STYLE = Automatic;
				CURRENT_PROJECT_VERSION = 1;
				DEVELOPMENT_ASSET_PATHS = "\"Tinder_UPV/Preview Content\"";
				DEVELOPMENT_TEAM = L9JJQNK594;
				ENABLE_PREVIEWS = YES;
				GENERATE_INFOPLIST_FILE = YES;
				INFOPLIST_KEY_UIApplicationSceneManifest_Generation = YES;
				INFOPLIST_KEY_UIApplicationSupportsIndirectInputEvents = YES;
				INFOPLIST_KEY_UILaunchScreen_Generation = YES;
				INFOPLIST_KEY_UISupportedInterfaceOrientations_iPad = "UIInterfaceOrientationPortrait UIInterfaceOrientationPortraitUpsideDown UIInterfaceOrientationLandscapeLeft UIInterfaceOrientationLandscapeRight";
				INFOPLIST_KEY_UISupportedInterfaceOrientations_iPhone = "UIInterfaceOrientationPortrait UIInterfaceOrientationLandscapeLeft UIInterfaceOrientationLandscapeRight";
				LD_RUNPATH_SEARCH_PATHS = (
					"$(inherited)",
					"@executable_path/Frameworks",
				);
				MARKETING_VERSION = 1.0;
				PRODUCT_BUNDLE_IDENTIFIER = "Diego.Tinder-UPV";
				PRODUCT_NAME = "$(TARGET_NAME)";
				SWIFT_EMIT_LOC_STRINGS = YES;
				SWIFT_VERSION = 5.0;
				TARGETED_DEVICE_FAMILY = "1,2";
			};
			name = Debug;
		};
		F11CFF5E2A35E1090059C473 /* Release */ = {
			isa = XCBuildConfiguration;
			buildSettings = {
				ASSETCATALOG_COMPILER_APPICON_NAME = AppIcon;
				ASSETCATALOG_COMPILER_GLOBAL_ACCENT_COLOR_NAME = AccentColor;
				CODE_SIGN_STYLE = Automatic;
				CURRENT_PROJECT_VERSION = 1;
				DEVELOPMENT_ASSET_PATHS = "\"Tinder_UPV/Preview Content\"";
				DEVELOPMENT_TEAM = L9JJQNK594;
				ENABLE_PREVIEWS = YES;
				GENERATE_INFOPLIST_FILE = YES;
				INFOPLIST_KEY_UIApplicationSceneManifest_Generation = YES;
				INFOPLIST_KEY_UIApplicationSupportsIndirectInputEvents = YES;
				INFOPLIST_KEY_UILaunchScreen_Generation = YES;
				INFOPLIST_KEY_UISupportedInterfaceOrientations_iPad = "UIInterfaceOrientationPortrait UIInterfaceOrientationPortraitUpsideDown UIInterfaceOrientationLandscapeLeft UIInterfaceOrientationLandscapeRight";
				INFOPLIST_KEY_UISupportedInterfaceOrientations_iPhone = "UIInterfaceOrientationPortrait UIInterfaceOrientationLandscapeLeft UIInterfaceOrientationLandscapeRight";
				LD_RUNPATH_SEARCH_PATHS = (
					"$(inherited)",
					"@executable_path/Frameworks",
				);
				MARKETING_VERSION = 1.0;
				PRODUCT_BUNDLE_IDENTIFIER = "Diego.Tinder-UPV";
				PRODUCT_NAME = "$(TARGET_NAME)";
				SWIFT_EMIT_LOC_STRINGS = YES;
				SWIFT_VERSION = 5.0;
				TARGETED_DEVICE_FAMILY = "1,2";
			};
			name = Release;
		};
		F11CFF602A35E1090059C473 /* Debug */ = {
			isa = XCBuildConfiguration;
			buildSettings = {
				ALWAYS_EMBED_SWIFT_STANDARD_LIBRARIES = YES;
				BUNDLE_LOADER = "$(TEST_HOST)";
				CODE_SIGN_STYLE = Automatic;
				CURRENT_PROJECT_VERSION = 1;
				DEVELOPMENT_TEAM = L9JJQNK594;
				GENERATE_INFOPLIST_FILE = YES;
				IPHONEOS_DEPLOYMENT_TARGET = 16.2;
				MARKETING_VERSION = 1.0;
				PRODUCT_BUNDLE_IDENTIFIER = "Diego.Tinder-UPVTests";
				PRODUCT_NAME = "$(TARGET_NAME)";
				SWIFT_EMIT_LOC_STRINGS = NO;
				SWIFT_VERSION = 5.0;
				TARGETED_DEVICE_FAMILY = "1,2";
				TEST_HOST = "$(BUILT_PRODUCTS_DIR)/Tinder_UPV.app/$(BUNDLE_EXECUTABLE_FOLDER_PATH)/Tinder_UPV";
			};
			name = Debug;
		};
		F11CFF612A35E1090059C473 /* Release */ = {
			isa = XCBuildConfiguration;
			buildSettings = {
				ALWAYS_EMBED_SWIFT_STANDARD_LIBRARIES = YES;
				BUNDLE_LOADER = "$(TEST_HOST)";
				CODE_SIGN_STYLE = Automatic;
				CURRENT_PROJECT_VERSION = 1;
				DEVELOPMENT_TEAM = L9JJQNK594;
				GENERATE_INFOPLIST_FILE = YES;
				IPHONEOS_DEPLOYMENT_TARGET = 16.2;
				MARKETING_VERSION = 1.0;
				PRODUCT_BUNDLE_IDENTIFIER = "Diego.Tinder-UPVTests";
				PRODUCT_NAME = "$(TARGET_NAME)";
				SWIFT_EMIT_LOC_STRINGS = NO;
				SWIFT_VERSION = 5.0;
				TARGETED_DEVICE_FAMILY = "1,2";
				TEST_HOST = "$(BUILT_PRODUCTS_DIR)/Tinder_UPV.app/$(BUNDLE_EXECUTABLE_FOLDER_PATH)/Tinder_UPV";
			};
			name = Release;
		};
		F11CFF632A35E1090059C473 /* Debug */ = {
			isa = XCBuildConfiguration;
			buildSettings = {
				ALWAYS_EMBED_SWIFT_STANDARD_LIBRARIES = YES;
				CODE_SIGN_STYLE = Automatic;
				CURRENT_PROJECT_VERSION = 1;
				DEVELOPMENT_TEAM = L9JJQNK594;
				GENERATE_INFOPLIST_FILE = YES;
				MARKETING_VERSION = 1.0;
				PRODUCT_BUNDLE_IDENTIFIER = "Diego.Tinder-UPVUITests";
				PRODUCT_NAME = "$(TARGET_NAME)";
				SWIFT_EMIT_LOC_STRINGS = NO;
				SWIFT_VERSION = 5.0;
				TARGETED_DEVICE_FAMILY = "1,2";
				TEST_TARGET_NAME = Tinder_UPV;
			};
			name = Debug;
		};
		F11CFF642A35E1090059C473 /* Release */ = {
			isa = XCBuildConfiguration;
			buildSettings = {
				ALWAYS_EMBED_SWIFT_STANDARD_LIBRARIES = YES;
				CODE_SIGN_STYLE = Automatic;
				CURRENT_PROJECT_VERSION = 1;
				DEVELOPMENT_TEAM = L9JJQNK594;
				GENERATE_INFOPLIST_FILE = YES;
				MARKETING_VERSION = 1.0;
				PRODUCT_BUNDLE_IDENTIFIER = "Diego.Tinder-UPVUITests";
				PRODUCT_NAME = "$(TARGET_NAME)";
				SWIFT_EMIT_LOC_STRINGS = NO;
				SWIFT_VERSION = 5.0;
				TARGETED_DEVICE_FAMILY = "1,2";
				TEST_TARGET_NAME = Tinder_UPV;
			};
			name = Release;
		};
/* End XCBuildConfiguration section */

/* Begin XCConfigurationList section */
		F11CFF332A35E1080059C473 /* Build configuration list for PBXProject "Tinder_UPV" */ = {
			isa = XCConfigurationList;
			buildConfigurations = (
				F11CFF5A2A35E1090059C473 /* Debug */,
				F11CFF5B2A35E1090059C473 /* Release */,
			);
			defaultConfigurationIsVisible = 0;
			defaultConfigurationName = Release;
		};
		F11CFF5C2A35E1090059C473 /* Build configuration list for PBXNativeTarget "Tinder_UPV" */ = {
			isa = XCConfigurationList;
			buildConfigurations = (
				F11CFF5D2A35E1090059C473 /* Debug */,
				F11CFF5E2A35E1090059C473 /* Release */,
			);
			defaultConfigurationIsVisible = 0;
			defaultConfigurationName = Release;
		};
		F11CFF5F2A35E1090059C473 /* Build configuration list for PBXNativeTarget "Tinder_UPVTests" */ = {
			isa = XCConfigurationList;
			buildConfigurations = (
				F11CFF602A35E1090059C473 /* Debug */,
				F11CFF612A35E1090059C473 /* Release */,
			);
			defaultConfigurationIsVisible = 0;
			defaultConfigurationName = Release;
		};
		F11CFF622A35E1090059C473 /* Build configuration list for PBXNativeTarget "Tinder_UPVUITests" */ = {
			isa = XCConfigurationList;
			buildConfigurations = (
				F11CFF632A35E1090059C473 /* Debug */,
				F11CFF642A35E1090059C473 /* Release */,
			);
			defaultConfigurationIsVisible = 0;
			defaultConfigurationName = Release;
		};
/* End XCConfigurationList section */
	};
	rootObject = F11CFF302A35E1080059C473 /* Project object */;
}
